# @generated - this file is auto-generated by `mise lock` https://mise.jdx.dev/dev-tools/mise-lock.html

lockfile_version = 1

[[tools.elm]]
version = "0.19.2"
backend = "github:elm/compiler"
specifiers = ["0.19.2"]

[tools.elm."platforms.linux-arm64"]
checksum = "sha256:a2bb23e8af8c9874ed1f700fdba4d25636699313dff04695598c41055028c8f5"
url = "https://github.com/elm/compiler/releases/download/0.19.2/elm-0.19.2-linux-arm.gz"
url_api = "https://api.github.com/repos/elm/compiler/releases/assets/467828928"

[tools.elm."platforms.linux-arm64-musl"]
checksum = "sha256:a2bb23e8af8c9874ed1f700fdba4d25636699313dff04695598c41055028c8f5"
url = "https://github.com/elm/compiler/releases/download/0.19.2/elm-0.19.2-linux-arm.gz"
url_api = "https://api.github.com/repos/elm/compiler/releases/assets/467828928"

[tools.elm."platforms.linux-x64"]
checksum = "sha256:66320d27701654fa11bd0e8d84bdf9829694d5770c8dcee2dede6160fad58737"
url = "https://github.com/elm/compiler/releases/download/0.19.2/elm-0.19.2-linux-x64.gz"
url_api = "https://api.github.com/repos/elm/compiler/releases/assets/467828938"

[tools.elm."platforms.linux-x64-musl"]
checksum = "sha256:66320d27701654fa11bd0e8d84bdf9829694d5770c8dcee2dede6160fad58737"
url = "https://github.com/elm/compiler/releases/download/0.19.2/elm-0.19.2-linux-x64.gz"
url_api = "https://api.github.com/repos/elm/compiler/releases/assets/467828938"

[tools.elm."platforms.macos-arm64"]
checksum = "sha256:8b02a7fac1643b39acb87ae2a8e10f0f1534fe61940ca08ab17dfc2ac98115c8"
url = "https://github.com/elm/compiler/releases/download/0.19.2/elm-0.19.2-mac-arm.gz"
url_api = "https://api.github.com/repos/elm/compiler/releases/assets/467828963"

[tools.elm."platforms.macos-x64"]
checksum = "sha256:bcfbec1ee85bf87e29da23ea6cb597caa4613b74df77b4a3a40d881df1fa0410"
url = "https://github.com/elm/compiler/releases/download/0.19.2/elm-0.19.2-mac-x64.gz"
url_api = "https://api.github.com/repos/elm/compiler/releases/assets/467828982"

[tools.elm."platforms.windows-x64"]
checksum = "sha256:47830fe67a8cca55ce82da4e04c29d150f5725b92b0a354b83121d6903ff667a"
url = "https://github.com/elm/compiler/releases/download/0.19.2/elm-0.19.2-windows-x64.gz"
url_api = "https://api.github.com/repos/elm/compiler/releases/assets/467829002"

[[tools."github:zwilias/elm-json"]]
version = "0.2.13"
backend = "github:zwilias/elm-json"
specifiers = ["latest"]

[tools."github:zwilias/elm-json"."platforms.linux-x64"]
checksum = "blake3:46194b1f17633806cc18ce9b9f68ed31edb928e682ba5a7c55f87f508af4b76c"
url = "https://github.com/zwilias/elm-json/releases/download/v0.2.13/elm-json-v0.2.13-x86_64-unknown-linux-musl.tar.gz"
url_api = "https://api.github.com/repos/zwilias/elm-json/releases/assets/81014315"

[tools."github:zwilias/elm-json"."platforms.linux-x64-musl"]
url = "https://github.com/zwilias/elm-json/releases/download/v0.2.13/elm-json-v0.2.13-x86_64-unknown-linux-musl.tar.gz"
url_api = "https://api.github.com/repos/zwilias/elm-json/releases/assets/81014315"

[tools."github:zwilias/elm-json"."platforms.macos-arm64"]
url = "https://github.com/zwilias/elm-json/releases/download/v0.2.13/elm-json-v0.2.13-aarch64-apple-darwin.tar.gz"
url_api = "https://api.github.com/repos/zwilias/elm-json/releases/assets/81014314"

[tools."github:zwilias/elm-json"."platforms.macos-x64"]
url = "https://github.com/zwilias/elm-json/releases/download/v0.2.13/elm-json-v0.2.13-x86_64-apple-darwin.tar.gz"
url_api = "https://api.github.com/repos/zwilias/elm-json/releases/assets/81014312"

[tools."github:zwilias/elm-json"."platforms.windows-x64"]
url = "https://github.com/zwilias/elm-json/releases/download/v0.2.13/elm-json-v0.2.13-x86_64-pc-windows-msvc.tar.gz"
url_api = "https://api.github.com/repos/zwilias/elm-json/releases/assets/81014311"

[[tools."npm:@lydell/elm-json"]]
version = "0.2.13-1"
backend = "npm:@lydell/elm-json"
specifiers = ["0.2.13-1"]

[[tools."npm:elm-json"]]
version = "0.2.13"
backend = "npm:elm-json"
specifiers = ["0.2.13"]

[[tools."npm:elm-review"]]
version = "2.11.2"
backend = "npm:elm-review"
specifiers = ["2.11.2"]
