# @generated - this file is auto-generated by `mise lock` https://mise.jdx.dev/dev-tools/mise-lock.html

lockfile_version = 1

[[tools.elm]]
version = "0.19.2"
backend = "github:elm/compiler"
specifiers = ["0.19.2"]

[tools.elm."platforms.linux-arm64"]
checksum = "sha256:a2bb23e8af8c9874ed1f700fdba4d25636699313dff04695598c41055028c8f5"
url = "https://github.com/elm/compiler/releases/download/0.19.2/elm-0.19.2-linux-arm.gz"
url_api = "https://api.github.com/repos/elm/compiler/releases/assets/467828928"

[tools.elm."platforms.linux-arm64-musl"]
checksum = "sha256:a2bb23e8af8c9874ed1f700fdba4d25636699313dff04695598c41055028c8f5"
url = "https://github.com/elm/compiler/releases/download/0.19.2/elm-0.19.2-linux-arm.gz"
url_api = "https://api.github.com/repos/elm/compiler/releases/assets/467828928"

[tools.elm."platforms.linux-x64"]
checksum = "sha256:66320d27701654fa11bd0e8d84bdf9829694d5770c8dcee2dede6160fad58737"
url = "https://github.com/elm/compiler/releases/download/0.19.2/elm-0.19.2-linux-x64.gz"
url_api = "https://api.github.com/repos/elm/compiler/releases/assets/467828938"

[tools.elm."platforms.linux-x64-musl"]
checksum = "sha256:66320d27701654fa11bd0e8d84bdf9829694d5770c8dcee2dede6160fad58737"
url = "https://github.com/elm/compiler/releases/download/0.19.2/elm-0.19.2-linux-x64.gz"
url_api = "https://api.github.com/repos/elm/compiler/releases/assets/467828938"

[tools.elm."platforms.macos-arm64"]
checksum = "sha256:8b02a7fac1643b39acb87ae2a8e10f0f1534fe61940ca08ab17dfc2ac98115c8"
url = "https://github.com/elm/compiler/releases/download/0.19.2/elm-0.19.2-mac-arm.gz"
url_api = "https://api.github.com/repos/elm/compiler/releases/assets/467828963"

[tools.elm."platforms.macos-x64"]
checksum = "sha256:bcfbec1ee85bf87e29da23ea6cb597caa4613b74df77b4a3a40d881df1fa0410"
url = "https://github.com/elm/compiler/releases/download/0.19.2/elm-0.19.2-mac-x64.gz"
url_api = "https://api.github.com/repos/elm/compiler/releases/assets/467828982"

[tools.elm."platforms.windows-x64"]
checksum = "sha256:47830fe67a8cca55ce82da4e04c29d150f5725b92b0a354b83121d6903ff667a"
url = "https://github.com/elm/compiler/releases/download/0.19.2/elm-0.19.2-windows-x64.gz"
url_api = "https://api.github.com/repos/elm/compiler/releases/assets/467829002"

[[tools."github:avh4/elm-format"]]
version = "0.8.8"
backend = "github:avh4/elm-format"
specifiers = ["0.8.8"]

[tools."github:avh4/elm-format"."platforms.linux-arm64"]
checksum = "sha256:0be0046a81432e6e16340b8093cafa35a454e84956522d53f6a28f815dceac23"
url = "https://github.com/avh4/elm-format/releases/download/0.8.8/elm-format-0.8.8-linux-aarch64.tgz"
url_api = "https://api.github.com/repos/avh4/elm-format/releases/assets/265282228"

[tools."github:avh4/elm-format"."platforms.linux-arm64-musl"]
checksum = "sha256:0be0046a81432e6e16340b8093cafa35a454e84956522d53f6a28f815dceac23"
url = "https://github.com/avh4/elm-format/releases/download/0.8.8/elm-format-0.8.8-linux-aarch64.tgz"
url_api = "https://api.github.com/repos/avh4/elm-format/releases/assets/265282228"

[tools."github:avh4/elm-format"."platforms.linux-x64"]
checksum = "sha256:ee749898a07871e5dcbe7adf77a6c3d95de2fcde2e15de30e4fa7457faf05a71"
url = "https://github.com/avh4/elm-format/releases/download/0.8.8/elm-format-0.8.8-linux-x64.tgz"
url_api = "https://api.github.com/repos/avh4/elm-format/releases/assets/265282232"

[tools."github:avh4/elm-format"."platforms.linux-x64-musl"]
checksum = "sha256:ee749898a07871e5dcbe7adf77a6c3d95de2fcde2e15de30e4fa7457faf05a71"
url = "https://github.com/avh4/elm-format/releases/download/0.8.8/elm-format-0.8.8-linux-x64.tgz"
url_api = "https://api.github.com/repos/avh4/elm-format/releases/assets/265282232"

[tools."github:avh4/elm-format"."platforms.macos-arm64"]
checksum = "sha256:230bbf3777191f631bb592dfe85c06ebdcff6f56e8f5ed8b29804f8938961a79"
url = "https://github.com/avh4/elm-format/releases/download/0.8.8/elm-format-0.8.8-mac-arm64.tgz"
url_api = "https://api.github.com/repos/avh4/elm-format/releases/assets/265282242"

[tools."github:avh4/elm-format"."platforms.macos-x64"]
checksum = "sha256:e2a1fcf041ee12fc5d24a99520531e98c28358c8b7e62ecdccb9dd64b51fe084"
url = "https://github.com/avh4/elm-format/releases/download/0.8.8/elm-format-0.8.8-mac-x64.tgz"
url_api = "https://api.github.com/repos/avh4/elm-format/releases/assets/265282244"

[tools."github:avh4/elm-format"."platforms.windows-x64"]
checksum = "sha256:4a2d0eb0529944fbfb7974943df5a03881ec4b67501a631e1272aa9fd746bc82"
url = "https://github.com/avh4/elm-format/releases/download/0.8.8/elm-format-0.8.8-win-x64.zip"
url_api = "https://api.github.com/repos/avh4/elm-format/releases/assets/265282248"

[[tools."github:zwilias/elm-json"]]
version = "0.2.13"
backend = "github:zwilias/elm-json"
specifiers = ["latest"]

[tools."github:zwilias/elm-json"."platforms.linux-x64"]
checksum = "blake3:46194b1f17633806cc18ce9b9f68ed31edb928e682ba5a7c55f87f508af4b76c"
url = "https://github.com/zwilias/elm-json/releases/download/v0.2.13/elm-json-v0.2.13-x86_64-unknown-linux-musl.tar.gz"
url_api = "https://api.github.com/repos/zwilias/elm-json/releases/assets/81014315"

[tools."github:zwilias/elm-json"."platforms.linux-x64-musl"]
url = "https://github.com/zwilias/elm-json/releases/download/v0.2.13/elm-json-v0.2.13-x86_64-unknown-linux-musl.tar.gz"
url_api = "https://api.github.com/repos/zwilias/elm-json/releases/assets/81014315"

[tools."github:zwilias/elm-json"."platforms.macos-arm64"]
url = "https://github.com/zwilias/elm-json/releases/download/v0.2.13/elm-json-v0.2.13-aarch64-apple-darwin.tar.gz"
url_api = "https://api.github.com/repos/zwilias/elm-json/releases/assets/81014314"

[tools."github:zwilias/elm-json"."platforms.macos-x64"]
url = "https://github.com/zwilias/elm-json/releases/download/v0.2.13/elm-json-v0.2.13-x86_64-apple-darwin.tar.gz"
url_api = "https://api.github.com/repos/zwilias/elm-json/releases/assets/81014312"

[tools."github:zwilias/elm-json"."platforms.windows-x64"]
url = "https://github.com/zwilias/elm-json/releases/download/v0.2.13/elm-json-v0.2.13-x86_64-pc-windows-msvc.tar.gz"
url_api = "https://api.github.com/repos/zwilias/elm-json/releases/assets/81014311"

[[tools."npm:elm-review"]]
version = "2.13.5"
backend = "npm:elm-review"
specifiers = ["2.13.5"]
